// !$*UTF8*$!
{
	archiveVersion = 1;
	classes = {
	};
	objectVersion = 60;
	objects = {

/* Begin PBXBuildFile section */
		1B078F022DCA5B50002BAE57 /* FormView.swift in Sources */ = {isa = PBXBuildFile; fileRef = 1B078F012DCA5B3B002BAE57 /* FormView.swift */; };
		1B078F082DCA89AA002BAE57 /* LoggedInView.xib in Resources */ = {isa = PBXBuildFile; fileRef = 1B078F072DCA89AA002BAE57 /* LoggedInView.xib */; };
		1B078F0A2DCA89B0002BAE57 /* LoggedInView.swift in Sources */ = {isa = PBXBuildFile; fileRef = 1B078F092DCA89AE002BAE57 /* LoggedInView.swift */; };
		1B078F0C2DCA8ADE002BAE57 /* NotLoggedInView.xib in Resources */ = {isa = PBXBuildFile; fileRef = 1B078F0B2DCA8ADE002BAE57 /* NotLoggedInView.xib */; };
		1B078F0E2DCA8AE5002BAE57 /* NotLoggedInView.swift in Sources */ = {isa = PBXBuildFile; fileRef = 1B078F0D2DCA8AE2002BAE57 /* NotLoggedInView.swift */; };
		1B69339D2D2AEF1100D09C8F /* FundraisersListViewController.swift in Sources */ = {isa = PBXBuildFile; fileRef = 1B69339C2D2AEF1100D09C8F /* FundraisersListViewController.swift */; };
		1B6933A52D2C222C00D09C8F /* FundraiserDetailsViewController.swift in Sources */ = {isa = PBXBuildFile; fileRef = 1B6933A32D2C222C00D09C8F /* FundraiserDetailsViewController.swift */; };
		1B6933A62D2C222C00D09C8F /* FundraiserDetailsViewController.xib in Resources */ = {isa = PBXBuildFile; fileRef = 1B6933A42D2C222C00D09C8F /* FundraiserDetailsViewController.xib */; };
		1B6933A82D2C344A00D09C8F /* FundraiserDetailsView.swift in Sources */ = {isa = PBXBuildFile; fileRef = 1B6933A72D2C344A00D09C8F /* FundraiserDetailsView.swift */; };
		1B6933AA2D31B6B400D09C8F /* GoogleService-Info.plist in Resources */ = {isa = PBXBuildFile; fileRef = 1B6933A92D31B6B300D09C8F /* GoogleService-Info.plist */; };
		1B6933AF2D327F6200D09C8F /* FundraiserModel.swift in Sources */ = {isa = PBXBuildFile; fileRef = 1B6933AE2D327F6200D09C8F /* FundraiserModel.swift */; };
		1B9336882D3AB4F100E18231 /* ListElementTableViewCell.xib in Resources */ = {isa = PBXBuildFile; fileRef = 1B9336872D3AB4F100E18231 /* ListElementTableViewCell.xib */; };
		1BABD7AA2DC6333B009D8FC5 /* DonateService.swift in Sources */ = {isa = PBXBuildFile; fileRef = 1BABD7A92DC6333B009D8FC5 /* DonateService.swift */; };
		1BABD7AE2DC696F4009D8FC5 /* DonateResultViewController.xib in Resources */ = {isa = PBXBuildFile; fileRef = 1BABD7AD2DC696F4009D8FC5 /* DonateResultViewController.xib */; };
		1BABD7AF2DC696F4009D8FC5 /* DonateResultViewController.swift in Sources */ = {isa = PBXBuildFile; fileRef = 1BABD7AC2DC696F4009D8FC5 /* DonateResultViewController.swift */; };
		1BABD7B32DC6A55F009D8FC5 /* failure.gif in Resources */ = {isa = PBXBuildFile; fileRef = 1BABD7B12DC6A55E009D8FC5 /* failure.gif */; };
		1BABD7B42DC6A55F009D8FC5 /* success.gif in Resources */ = {isa = PBXBuildFile; fileRef = 1BABD7B22DC6A55F009D8FC5 /* success.gif */; };
		1BABD7B82DC7810F009D8FC5 /* SignUpViewController.xib in Resources */ = {isa = PBXBuildFile; fileRef = 1BABD7B72DC7810F009D8FC5 /* SignUpViewController.xib */; };
		1BABD7B92DC7810F009D8FC5 /* SignUpViewController.swift in Sources */ = {isa = PBXBuildFile; fileRef = 1BABD7B62DC7810F009D8FC5 /* SignUpViewController.swift */; };
		1BABD7BD2DC7C56D009D8FC5 /* SignInViewController.xib in Resources */ = {isa = PBXBuildFile; fileRef = 1BABD7BC2DC7C56D009D8FC5 /* SignInViewController.xib */; };
		1BABD7BE2DC7C56D009D8FC5 /* SignInViewController.swift in Sources */ = {isa = PBXBuildFile; fileRef = 1BABD7BB2DC7C56D009D8FC5 /* SignInViewController.swift */; };
		1BABD7C22DC7E915009D8FC5 /* IndividualFormView.xib in Resources */ = {isa = PBXBuildFile; fileRef = 1BABD7C12DC7E915009D8FC5 /* IndividualFormView.xib */; };
		1BABD7C42DC7E921009D8FC5 /* IndividualFormView.swift in Sources */ = {isa = PBXBuildFile; fileRef = 1BABD7C32DC7E921009D8FC5 /* IndividualFormView.swift */; };
		1BABD7C72DC7F3DD009D8FC5 /* LegalEntityForm.swift in Sources */ = {isa = PBXBuildFile; fileRef = 1BABD7C62DC7F3DD009D8FC5 /* LegalEntityForm.swift */; };
		1BABD7C92DC7F3E6009D8FC5 /* LegalEntityForm.xib in Resources */ = {isa = PBXBuildFile; fileRef = 1BABD7C82DC7F3E6009D8FC5 /* LegalEntityForm.xib */; };
		1BABD7CB2DC8D0C0009D8FC5 /* UITextField.swift in Sources */ = {isa = PBXBuildFile; fileRef = 1BABD7CA2DC8D0C0009D8FC5 /* UITextField.swift */; };
		1BABD7CD2DC93736009D8FC5 /* String+Extension.swift in Sources */ = {isa = PBXBuildFile; fileRef = 1BABD7CC2DC93736009D8FC5 /* String+Extension.swift */; };
		1BABD7CF2DCA0D74009D8FC5 /* AuthErrorService.swift in Sources */ = {isa = PBXBuildFile; fileRef = 1BABD7CE2DCA0D74009D8FC5 /* AuthErrorService.swift */; };
		1BAC01292DAC22D6008BCCA4 /* BarView.swift in Sources */ = {isa = PBXBuildFile; fileRef = 1BAC01282DAC22D6008BCCA4 /* BarView.swift */; };
		1BAC012D2DAC231E008BCCA4 /* BarView.xib in Resources */ = {isa = PBXBuildFile; fileRef = 1BAC012C2DAC231E008BCCA4 /* BarView.xib */; };
		1BAC01302DAD8601008BCCA4 /* Numeric+Extension.swift in Sources */ = {isa = PBXBuildFile; fileRef = 1BAC012F2DAD8601008BCCA4 /* Numeric+Extension.swift */; };
		1BAC01332DAE4E64008BCCA4 /* MediaCollectionView.swift in Sources */ = {isa = PBXBuildFile; fileRef = 1BAC01322DAE4E64008BCCA4 /* MediaCollectionView.swift */; };
		1BAC01352DAE4E81008BCCA4 /* MediaCollectionView.xib in Resources */ = {isa = PBXBuildFile; fileRef = 1BAC01342DAE4E81008BCCA4 /* MediaCollectionView.xib */; };
		1BAC013B2DAE6B78008BCCA4 /* MediaCollectionViewCell.swift in Sources */ = {isa = PBXBuildFile; fileRef = 1BAC01392DAE6B78008BCCA4 /* MediaCollectionViewCell.swift */; };
		1BAC013C2DAE6B78008BCCA4 /* MediaCollectionViewCell.xib in Resources */ = {isa = PBXBuildFile; fileRef = 1BAC013A2DAE6B78008BCCA4 /* MediaCollectionViewCell.xib */; };
		1BAC01432DB04D94008BCCA4 /* ImageFullscreenViewController.swift in Sources */ = {isa = PBXBuildFile; fileRef = 1BAC01412DB04D94008BCCA4 /* ImageFullscreenViewController.swift */; };
		1BAC01462DB05294008BCCA4 /* UIView+Extension.swift in Sources */ = {isa = PBXBuildFile; fileRef = 1BAC01452DB05294008BCCA4 /* UIView+Extension.swift */; };
		1BAFC4042DC0FFA300EB6FB4 /* KeyboardObservable.swift in Sources */ = {isa = PBXBuildFile; fileRef = 1BAFC4032DC0FFA300EB6FB4 /* KeyboardObservable.swift */; };
		1BAFC4062DC1037400EB6FB4 /* UIViewController+Extensions.swift in Sources */ = {isa = PBXBuildFile; fileRef = 1BAFC4052DC1037400EB6FB4 /* UIViewController+Extensions.swift */; };
		1BAFC40B2DC128B600EB6FB4 /* AccountPageViewController.swift in Sources */ = {isa = PBXBuildFile; fileRef = 1BAFC4082DC128B600EB6FB4 /* AccountPageViewController.swift */; };
		1BAFC4112DC13B9B00EB6FB4 /* DonationModel.swift in Sources */ = {isa = PBXBuildFile; fileRef = 1BAFC4102DC13B9B00EB6FB4 /* DonationModel.swift */; };
		1BAFC4152DC144F600EB6FB4 /* DateFormatter+Extension.swift in Sources */ = {isa = PBXBuildFile; fileRef = 1BAFC4142DC144F600EB6FB4 /* DateFormatter+Extension.swift */; };
		1BAFC41C2DC25C7D00EB6FB4 /* DonationHistoryTableViewCell.swift in Sources */ = {isa = PBXBuildFile; fileRef = 1BAFC41A2DC25C7D00EB6FB4 /* DonationHistoryTableViewCell.swift */; };
		1BAFC41D2DC25C7D00EB6FB4 /* DonationHistoryTableViewCell.xib in Resources */ = {isa = PBXBuildFile; fileRef = 1BAFC41B2DC25C7D00EB6FB4 /* DonationHistoryTableViewCell.xib */; };
		1BAFC4212DC283F500EB6FB4 /* UserInfoViewCell.xib in Resources */ = {isa = PBXBuildFile; fileRef = 1BAFC4202DC283F500EB6FB4 /* UserInfoViewCell.xib */; };
		1BAFC4222DC283F500EB6FB4 /* UserInfoViewCell.swift in Sources */ = {isa = PBXBuildFile; fileRef = 1BAFC41F2DC283F500EB6FB4 /* UserInfoViewCell.swift */; };
		1BAFC4242DC289D500EB6FB4 /* Array+Extension.swift in Sources */ = {isa = PBXBuildFile; fileRef = 1BAFC4232DC289D500EB6FB4 /* Array+Extension.swift */; };
		1BAFC4282DC3E16D00EB6FB4 /* FundraisersSeparatorTableViewCell.xib in Resources */ = {isa = PBXBuildFile; fileRef = 1BAFC4272DC3E16D00EB6FB4 /* FundraisersSeparatorTableViewCell.xib */; };
		1BAFC4292DC3E16D00EB6FB4 /* FundraisersSeparatorTableViewCell.swift in Sources */ = {isa = PBXBuildFile; fileRef = 1BAFC4262DC3E16D00EB6FB4 /* FundraisersSeparatorTableViewCell.swift */; };
		1BB8369C2DB12DC400C0C094 /* VideoFullscreenViewController.swift in Sources */ = {isa = PBXBuildFile; fileRef = 1BB8369B2DB12DC400C0C094 /* VideoFullscreenViewController.swift */; };
		1BB8369E2DB1831300C0C094 /* MediaItemModel.swift in Sources */ = {isa = PBXBuildFile; fileRef = 1BB8369D2DB1831300C0C094 /* MediaItemModel.swift */; };
		1BB836A12DB2813900C0C094 /* DonateView.swift in Sources */ = {isa = PBXBuildFile; fileRef = 1BB836A02DB2813900C0C094 /* DonateView.swift */; };
		1BB836A32DB2814D00C0C094 /* DonateView.xib in Resources */ = {isa = PBXBuildFile; fileRef = 1BB836A22DB2814D00C0C094 /* DonateView.xib */; };
		1BB836A82DB7CF1100C0C094 /* ReportsListViewController.swift in Sources */ = {isa = PBXBuildFile; fileRef = 1BB836A72DB7CF1000C0C094 /* ReportsListViewController.swift */; };
		1BB836AA2DB7EFC800C0C094 /* ReportModel.swift in Sources */ = {isa = PBXBuildFile; fileRef = 1BB836A92DB7EFC800C0C094 /* ReportModel.swift */; };
		1BB836AE2DB8C29A00C0C094 /* ReportDetailsViewController.swift in Sources */ = {isa = PBXBuildFile; fileRef = 1BB836AC2DB8C29A00C0C094 /* ReportDetailsViewController.swift */; };
		1BB836AF2DB8C29A00C0C094 /* ReportDetailsViewController.xib in Resources */ = {isa = PBXBuildFile; fileRef = 1BB836AD2DB8C29A00C0C094 /* ReportDetailsViewController.xib */; };
		1BB836B12DB8C4E600C0C094 /* ReportDetailsView.swift in Sources */ = {isa = PBXBuildFile; fileRef = 1BB836B02DB8C4E500C0C094 /* ReportDetailsView.swift */; };
		1BF6C0EA2D297C1800635A49 /* AppDelegate.swift in Sources */ = {isa = PBXBuildFile; fileRef = 1BF6C0E92D297C1800635A49 /* AppDelegate.swift */; };
		1BF6C0EC2D297C1800635A49 /* SceneDelegate.swift in Sources */ = {isa = PBXBuildFile; fileRef = 1BF6C0EB2D297C1800635A49 /* SceneDelegate.swift */; };
		1BF6C0F12D297C1800635A49 /* Base in Resources */ = {isa = PBXBuildFile; fileRef = 1BF6C0F02D297C1800635A49 /* Base */; };
		1BF6C0F32D297C1B00635A49 /* Assets.xcassets in Resources */ = {isa = PBXBuildFile; fileRef = 1BF6C0F22D297C1B00635A49 /* Assets.xcassets */; };
		1BF6C0F62D297C1B00635A49 /* Base in Resources */ = {isa = PBXBuildFile; fileRef = 1BF6C0F52D297C1B00635A49 /* Base */; };
		1BF6C1092D29C79200635A49 /* ListElementTableViewCell.swift in Sources */ = {isa = PBXBuildFile; fileRef = 1BF6C1082D29C79200635A49 /* ListElementTableViewCell.swift */; };
		F405E7CFDF6EE1E6768635A4 /* Pods_FoundationApp.framework in Frameworks */ = {isa = PBXBuildFile; fileRef = D4695F5CDC0894695FD7F07E /* Pods_FoundationApp.framework */; };
/* End PBXBuildFile section */

/* Begin PBXFileReference section */
		1B078F012DCA5B3B002BAE57 /* FormView.swift */ = {isa = PBXFileReference; lastKnownFileType = sourcecode.swift; path = FormView.swift; sourceTree = "<group>"; };
		1B078F072DCA89AA002BAE57 /* LoggedInView.xib */ = {isa = PBXFileReference; lastKnownFileType = file.xib; path = LoggedInView.xib; sourceTree = "<group>"; };
		1B078F092DCA89AE002BAE57 /* LoggedInView.swift */ = {isa = PBXFileReference; lastKnownFileType = sourcecode.swift; path = LoggedInView.swift; sourceTree = "<group>"; };
		1B078F0B2DCA8ADE002BAE57 /* NotLoggedInView.xib */ = {isa = PBXFileReference; lastKnownFileType = file.xib; path = NotLoggedInView.xib; sourceTree = "<group>"; };
		1B078F0D2DCA8AE2002BAE57 /* NotLoggedInView.swift */ = {isa = PBXFileReference; lastKnownFileType = sourcecode.swift; path = NotLoggedInView.swift; sourceTree = "<group>"; };
		1B69339C2D2AEF1100D09C8F /* FundraisersListViewController.swift */ = {isa = PBXFileReference; lastKnownFileType = sourcecode.swift; path = FundraisersListViewController.swift; sourceTree = "<group>"; };
		1B6933A32D2C222C00D09C8F /* FundraiserDetailsViewController.swift */ = {isa = PBXFileReference; lastKnownFileType = sourcecode.swift; path = FundraiserDetailsViewController.swift; sourceTree = "<group>"; };
		1B6933A42D2C222C00D09C8F /* FundraiserDetailsViewController.xib */ = {isa = PBXFileReference; lastKnownFileType = file.xib; path = FundraiserDetailsViewController.xib; sourceTree = "<group>"; };
		1B6933A72D2C344A00D09C8F /* FundraiserDetailsView.swift */ = {isa = PBXFileReference; lastKnownFileType = sourcecode.swift; path = FundraiserDetailsView.swift; sourceTree = "<group>"; };
		1B6933A92D31B6B300D09C8F /* GoogleService-Info.plist */ = {isa = PBXFileReference; fileEncoding = 4; lastKnownFileType = text.plist.xml; path = "GoogleService-Info.plist"; sourceTree = "<group>"; };
		1B6933AE2D327F6200D09C8F /* FundraiserModel.swift */ = {isa = PBXFileReference; lastKnownFileType = sourcecode.swift; path = FundraiserModel.swift; sourceTree = "<group>"; };
		1B9336872D3AB4F100E18231 /* ListElementTableViewCell.xib */ = {isa = PBXFileReference; fileEncoding = 4; lastKnownFileType = file.xib; path = ListElementTableViewCell.xib; sourceTree = "<group>"; };
		1BABD7A92DC6333B009D8FC5 /* DonateService.swift */ = {isa = PBXFileReference; lastKnownFileType = sourcecode.swift; path = DonateService.swift; sourceTree = "<group>"; };
		1BABD7AC2DC696F4009D8FC5 /* DonateResultViewController.swift */ = {isa = PBXFileReference; lastKnownFileType = sourcecode.swift; path = DonateResultViewController.swift; sourceTree = "<group>"; };
		1BABD7AD2DC696F4009D8FC5 /* DonateResultViewController.xib */ = {isa = PBXFileReference; lastKnownFileType = file.xib; path = DonateResultViewController.xib; sourceTree = "<group>"; };
		1BABD7B12DC6A55E009D8FC5 /* failure.gif */ = {isa = PBXFileReference; lastKnownFileType = image.gif; path = failure.gif; sourceTree = "<group>"; };
		1BABD7B22DC6A55F009D8FC5 /* success.gif */ = {isa = PBXFileReference; lastKnownFileType = image.gif; path = success.gif; sourceTree = "<group>"; };
		1BABD7B62DC7810F009D8FC5 /* SignUpViewController.swift */ = {isa = PBXFileReference; lastKnownFileType = sourcecode.swift; path = SignUpViewController.swift; sourceTree = "<group>"; };
		1BABD7B72DC7810F009D8FC5 /* SignUpViewController.xib */ = {isa = PBXFileReference; lastKnownFileType = file.xib; path = SignUpViewController.xib; sourceTree = "<group>"; };
		1BABD7BB2DC7C56D009D8FC5 /* SignInViewController.swift */ = {isa = PBXFileReference; lastKnownFileType = sourcecode.swift; path = SignInViewController.swift; sourceTree = "<group>"; };
		1BABD7BC2DC7C56D009D8FC5 /* SignInViewController.xib */ = {isa = PBXFileReference; lastKnownFileType = file.xib; path = SignInViewController.xib; sourceTree = "<group>"; };
		1BABD7C12DC7E915009D8FC5 /* IndividualFormView.xib */ = {isa = PBXFileReference; lastKnownFileType = file.xib; path = IndividualFormView.xib; sourceTree = "<group>"; };
		1BABD7C32DC7E921009D8FC5 /* IndividualFormView.swift */ = {isa = PBXFileReference; lastKnownFileType = sourcecode.swift; path = IndividualFormView.swift; sourceTree = "<group>"; };
		1BABD7C62DC7F3DD009D8FC5 /* LegalEntityForm.swift */ = {isa = PBXFileReference; lastKnownFileType = sourcecode.swift; path = LegalEntityForm.swift; sourceTree = "<group>"; };
		1BABD7C82DC7F3E6009D8FC5 /* LegalEntityForm.xib */ = {isa = PBXFileReference; lastKnownFileType = file.xib; path = LegalEntityForm.xib; sourceTree = "<group>"; };
		1BABD7CA2DC8D0C0009D8FC5 /* UITextField.swift */ = {isa = PBXFileReference; lastKnownFileType = sourcecode.swift; path = UITextField.swift; sourceTree = "<group>"; };
		1BABD7CC2DC93736009D8FC5 /* String+Extension.swift */ = {isa = PBXFileReference; lastKnownFileType = sourcecode.swift; path = "String+Extension.swift"; sourceTree = "<group>"; };
		1BABD7CE2DCA0D74009D8FC5 /* AuthErrorService.swift */ = {isa = PBXFileReference; lastKnownFileType = sourcecode.swift; path = AuthErrorService.swift; sourceTree = "<group>"; };
		1BAC01282DAC22D6008BCCA4 /* BarView.swift */ = {isa = PBXFileReference; lastKnownFileType = sourcecode.swift; path = BarView.swift; sourceTree = "<group>"; };
		1BAC012C2DAC231E008BCCA4 /* BarView.xib */ = {isa = PBXFileReference; lastKnownFileType = file.xib; path = BarView.xib; sourceTree = "<group>"; };
		1BAC012F2DAD8601008BCCA4 /* Numeric+Extension.swift */ = {isa = PBXFileReference; lastKnownFileType = sourcecode.swift; path = "Numeric+Extension.swift"; sourceTree = "<group>"; };
		1BAC01322DAE4E64008BCCA4 /* MediaCollectionView.swift */ = {isa = PBXFileReference; lastKnownFileType = sourcecode.swift; path = MediaCollectionView.swift; sourceTree = "<group>"; };
		1BAC01342DAE4E81008BCCA4 /* MediaCollectionView.xib */ = {isa = PBXFileReference; lastKnownFileType = file.xib; path = MediaCollectionView.xib; sourceTree = "<group>"; };
		1BAC01392DAE6B78008BCCA4 /* MediaCollectionViewCell.swift */ = {isa = PBXFileReference; lastKnownFileType = sourcecode.swift; path = MediaCollectionViewCell.swift; sourceTree = "<group>"; };
		1BAC013A2DAE6B78008BCCA4 /* MediaCollectionViewCell.xib */ = {isa = PBXFileReference; lastKnownFileType = file.xib; path = MediaCollectionViewCell.xib; sourceTree = "<group>"; };
		1BAC01412DB04D94008BCCA4 /* ImageFullscreenViewController.swift */ = {isa = PBXFileReference; lastKnownFileType = sourcecode.swift; path = ImageFullscreenViewController.swift; sourceTree = "<group>"; };
		1BAC01452DB05294008BCCA4 /* UIView+Extension.swift */ = {isa = PBXFileReference; lastKnownFileType = sourcecode.swift; path = "UIView+Extension.swift"; sourceTree = "<group>"; };
		1BAFC4032DC0FFA300EB6FB4 /* KeyboardObservable.swift */ = {isa = PBXFileReference; lastKnownFileType = sourcecode.swift; path = KeyboardObservable.swift; sourceTree = "<group>"; };
		1BAFC4052DC1037400EB6FB4 /* UIViewController+Extensions.swift */ = {isa = PBXFileReference; lastKnownFileType = sourcecode.swift; path = "UIViewController+Extensions.swift"; sourceTree = "<group>"; };
		1BAFC4082DC128B600EB6FB4 /* AccountPageViewController.swift */ = {isa = PBXFileReference; lastKnownFileType = sourcecode.swift; path = AccountPageViewController.swift; sourceTree = "<group>"; };
		1BAFC4102DC13B9B00EB6FB4 /* DonationModel.swift */ = {isa = PBXFileReference; lastKnownFileType = sourcecode.swift; path = DonationModel.swift; sourceTree = "<group>"; };
		1BAFC4142DC144F600EB6FB4 /* DateFormatter+Extension.swift */ = {isa = PBXFileReference; lastKnownFileType = sourcecode.swift; path = "DateFormatter+Extension.swift"; sourceTree = "<group>"; };
		1BAFC41A2DC25C7D00EB6FB4 /* DonationHistoryTableViewCell.swift */ = {isa = PBXFileReference; fileEncoding = 4; lastKnownFileType = sourcecode.swift; path = DonationHistoryTableViewCell.swift; sourceTree = "<group>"; };
		1BAFC41B2DC25C7D00EB6FB4 /* DonationHistoryTableViewCell.xib */ = {isa = PBXFileReference; fileEncoding = 4; lastKnownFileType = file.xib; path = DonationHistoryTableViewCell.xib; sourceTree = "<group>"; };
		1BAFC41F2DC283F500EB6FB4 /* UserInfoViewCell.swift */ = {isa = PBXFileReference; lastKnownFileType = sourcecode.swift; path = UserInfoViewCell.swift; sourceTree = "<group>"; };
		1BAFC4202DC283F500EB6FB4 /* UserInfoViewCell.xib */ = {isa = PBXFileReference; lastKnownFileType = file.xib; path = UserInfoViewCell.xib; sourceTree = "<group>"; };
		1BAFC4232DC289D500EB6FB4 /* Array+Extension.swift */ = {isa = PBXFileReference; lastKnownFileType = sourcecode.swift; path = "Array+Extension.swift"; sourceTree = "<group>"; };
		1BAFC4262DC3E16D00EB6FB4 /* FundraisersSeparatorTableViewCell.swift */ = {isa = PBXFileReference; lastKnownFileType = sourcecode.swift; path = FundraisersSeparatorTableViewCell.swift; sourceTree = "<group>"; };
		1BAFC4272DC3E16D00EB6FB4 /* FundraisersSeparatorTableViewCell.xib */ = {isa = PBXFileReference; lastKnownFileType = file.xib; path = FundraisersSeparatorTableViewCell.xib; sourceTree = "<group>"; };
		1BB8369B2DB12DC400C0C094 /* VideoFullscreenViewController.swift */ = {isa = PBXFileReference; lastKnownFileType = sourcecode.swift; path = VideoFullscreenViewController.swift; sourceTree = "<group>"; };
		1BB8369D2DB1831300C0C094 /* MediaItemModel.swift */ = {isa = PBXFileReference; lastKnownFileType = sourcecode.swift; path = MediaItemModel.swift; sourceTree = "<group>"; };
		1BB836A02DB2813900C0C094 /* DonateView.swift */ = {isa = PBXFileReference; lastKnownFileType = sourcecode.swift; path = DonateView.swift; sourceTree = "<group>"; };
		1BB836A22DB2814D00C0C094 /* DonateView.xib */ = {isa = PBXFileReference; lastKnownFileType = file.xib; path = DonateView.xib; sourceTree = "<group>"; };
		1BB836A72DB7CF1000C0C094 /* ReportsListViewController.swift */ = {isa = PBXFileReference; lastKnownFileType = sourcecode.swift; path = ReportsListViewController.swift; sourceTree = "<group>"; };
		1BB836A92DB7EFC800C0C094 /* ReportModel.swift */ = {isa = PBXFileReference; lastKnownFileType = sourcecode.swift; path = ReportModel.swift; sourceTree = "<group>"; };
		1BB836AC2DB8C29A00C0C094 /* ReportDetailsViewController.swift */ = {isa = PBXFileReference; lastKnownFileType = sourcecode.swift; path = ReportDetailsViewController.swift; sourceTree = "<group>"; };
		1BB836AD2DB8C29A00C0C094 /* ReportDetailsViewController.xib */ = {isa = PBXFileReference; lastKnownFileType = file.xib; path = ReportDetailsViewController.xib; sourceTree = "<group>"; };
		1BB836B02DB8C4E500C0C094 /* ReportDetailsView.swift */ = {isa = PBXFileReference; lastKnownFileType = sourcecode.swift; path = ReportDetailsView.swift; sourceTree = "<group>"; };
		1BF6C0E62D297C1800635A49 /* FoundationApp.app */ = {isa = PBXFileReference; explicitFileType = wrapper.application; includeInIndex = 0; path = FoundationApp.app; sourceTree = BUILT_PRODUCTS_DIR; };
		1BF6C0E92D297C1800635A49 /* AppDelegate.swift */ = {isa = PBXFileReference; lastKnownFileType = sourcecode.swift; path = AppDelegate.swift; sourceTree = "<group>"; };
		1BF6C0EB2D297C1800635A49 /* SceneDelegate.swift */ = {isa = PBXFileReference; lastKnownFileType = sourcecode.swift; path = SceneDelegate.swift; sourceTree = "<group>"; };
		1BF6C0F02D297C1800635A49 /* Base */ = {isa = PBXFileReference; lastKnownFileType = file.storyboard; name = Base; path = Base.lproj/Main.storyboard; sourceTree = "<group>"; };
		1BF6C0F22D297C1B00635A49 /* Assets.xcassets */ = {isa = PBXFileReference; lastKnownFileType = folder.assetcatalog; path = Assets.xcassets; sourceTree = "<group>"; };
		1BF6C0F52D297C1B00635A49 /* Base */ = {isa = PBXFileReference; lastKnownFileType = file.storyboard; name = Base; path = Base.lproj/LaunchScreen.storyboard; sourceTree = "<group>"; };
		1BF6C0F72D297C1B00635A49 /* Info.plist */ = {isa = PBXFileReference; lastKnownFileType = text.plist.xml; path = Info.plist; sourceTree = "<group>"; };
		1BF6C1082D29C79200635A49 /* ListElementTableViewCell.swift */ = {isa = PBXFileReference; lastKnownFileType = sourcecode.swift; path = ListElementTableViewCell.swift; sourceTree = "<group>"; };
		3DAF48003A55F5E4FDCBD745 /* Pods-FoundationApp.debug.xcconfig */ = {isa = PBXFileReference; includeInIndex = 1; lastKnownFileType = text.xcconfig; name = "Pods-FoundationApp.debug.xcconfig"; path = "Target Support Files/Pods-FoundationApp/Pods-FoundationApp.debug.xcconfig"; sourceTree = "<group>"; };
		CB4973C38B840A4800FDEC7B /* Pods-FoundationApp.release.xcconfig */ = {isa = PBXFileReference; includeInIndex = 1; lastKnownFileType = text.xcconfig; name = "Pods-FoundationApp.release.xcconfig"; path = "Target Support Files/Pods-FoundationApp/Pods-FoundationApp.release.xcconfig"; sourceTree = "<group>"; };
		D4695F5CDC0894695FD7F07E /* Pods_FoundationApp.framework */ = {isa = PBXFileReference; explicitFileType = wrapper.framework; includeInIndex = 0; path = Pods_FoundationApp.framework; sourceTree = BUILT_PRODUCTS_DIR; };
/* End PBXFileReference section */

/* Begin PBXFrameworksBuildPhase section */
		1BF6C0E32D297C1800635A49 /* Frameworks */ = {
			isa = PBXFrameworksBuildPhase;
			buildActionMask = 2147483647;
			files = (
				F405E7CFDF6EE1E6768635A4 /* Pods_FoundationApp.framework in Frameworks */,
			);
			runOnlyForDeploymentPostprocessing = 0;
		};
/* End PBXFrameworksBuildPhase section */

/* Begin PBXGroup section */
		109CF3D666CD73B8920CB0D0 /* Frameworks */ = {
			isa = PBXGroup;
			children = (
				D4695F5CDC0894695FD7F07E /* Pods_FoundationApp.framework */,
			);
			name = Frameworks;
			sourceTree = "<group>";
		};
		1B078F032DCA8913002BAE57 /* LoggedInView */ = {
			isa = PBXGroup;
			children = (
				1B078F092DCA89AE002BAE57 /* LoggedInView.swift */,
				1B078F072DCA89AA002BAE57 /* LoggedInView.xib */,
			);
			path = LoggedInView;
			sourceTree = "<group>";
		};
		1B078F042DCA8932002BAE57 /* NotLoggedInView */ = {
			isa = PBXGroup;
			children = (
				1B078F0D2DCA8AE2002BAE57 /* NotLoggedInView.swift */,
				1B078F0B2DCA8ADE002BAE57 /* NotLoggedInView.xib */,
			);
			path = NotLoggedInView;
			sourceTree = "<group>";
		};
		1B6933952D29E62C00D09C8F /* FundraisersListViewController */ = {
			isa = PBXGroup;
			children = (
				1B69339C2D2AEF1100D09C8F /* FundraisersListViewController.swift */,
			);
			path = FundraisersListViewController;
			sourceTree = "<group>";
		};
		1B69339E2D2C1B5100D09C8F /* FundraiserDetailsViewController */ = {
			isa = PBXGroup;
			children = (
				1B6933A32D2C222C00D09C8F /* FundraiserDetailsViewController.swift */,
				1B6933A42D2C222C00D09C8F /* FundraiserDetailsViewController.xib */,
				1B6933A72D2C344A00D09C8F /* FundraiserDetailsView.swift */,
			);
			path = FundraiserDetailsViewController;
			sourceTree = "<group>";
		};
		1BABD7A82DC63326009D8FC5 /* Services */ = {
			isa = PBXGroup;
			children = (
				1BABD7A92DC6333B009D8FC5 /* DonateService.swift */,
				1BABD7CE2DCA0D74009D8FC5 /* AuthErrorService.swift */,
			);
			path = Services;
			sourceTree = "<group>";
		};
		1BABD7AB2DC6968F009D8FC5 /* DonateResultViewController */ = {
			isa = PBXGroup;
			children = (
				1BABD7AC2DC696F4009D8FC5 /* DonateResultViewController.swift */,
				1BABD7AD2DC696F4009D8FC5 /* DonateResultViewController.xib */,
			);
			path = DonateResultViewController;
			sourceTree = "<group>";
		};
		1BABD7B02DC6A54B009D8FC5 /* Gifs */ = {
			isa = PBXGroup;
			children = (
				1BABD7B12DC6A55E009D8FC5 /* failure.gif */,
				1BABD7B22DC6A55F009D8FC5 /* success.gif */,
			);
			path = Gifs;
			sourceTree = "<group>";
		};
		1BABD7B52DC780CC009D8FC5 /* SignUpViewController */ = {
			isa = PBXGroup;
			children = (
				1BABD7B62DC7810F009D8FC5 /* SignUpViewController.swift */,
				1BABD7B72DC7810F009D8FC5 /* SignUpViewController.xib */,
			);
			path = SignUpViewController;
			sourceTree = "<group>";
		};
		1BABD7BA2DC7C531009D8FC5 /* SignInViewController */ = {
			isa = PBXGroup;
			children = (
				1BABD7BB2DC7C56D009D8FC5 /* SignInViewController.swift */,
				1BABD7BC2DC7C56D009D8FC5 /* SignInViewController.xib */,
			);
			path = SignInViewController;
			sourceTree = "<group>";
		};
		1BABD7C02DC7E8F5009D8FC5 /* IndividualFormView */ = {
			isa = PBXGroup;
			children = (
				1BABD7C32DC7E921009D8FC5 /* IndividualFormView.swift */,
				1BABD7C12DC7E915009D8FC5 /* IndividualFormView.xib */,
			);
			path = IndividualFormView;
			sourceTree = "<group>";
		};
		1BABD7C52DC7F3C6009D8FC5 /* LegalEntityForm */ = {
			isa = PBXGroup;
			children = (
				1BABD7C62DC7F3DD009D8FC5 /* LegalEntityForm.swift */,
				1BABD7C82DC7F3E6009D8FC5 /* LegalEntityForm.xib */,
			);
			path = LegalEntityForm;
			sourceTree = "<group>";
		};
		1BAC01272DAC2242008BCCA4 /* BarView */ = {
			isa = PBXGroup;
			children = (
				1BAC01282DAC22D6008BCCA4 /* BarView.swift */,
				1BAC012C2DAC231E008BCCA4 /* BarView.xib */,
			);
			path = BarView;
			sourceTree = "<group>";
		};
		1BAC012E2DAD8475008BCCA4 /* Libs */ = {
			isa = PBXGroup;
			children = (
				1BAC012F2DAD8601008BCCA4 /* Numeric+Extension.swift */,
				1BAFC4232DC289D500EB6FB4 /* Array+Extension.swift */,
				1BABD7CC2DC93736009D8FC5 /* String+Extension.swift */,
				1BAFC4142DC144F600EB6FB4 /* DateFormatter+Extension.swift */,
				1BABD7CA2DC8D0C0009D8FC5 /* UITextField.swift */,
				1BAC01452DB05294008BCCA4 /* UIView+Extension.swift */,
				1BAFC4052DC1037400EB6FB4 /* UIViewController+Extensions.swift */,
				1BAFC4032DC0FFA300EB6FB4 /* KeyboardObservable.swift */,
			);
			path = Libs;
			sourceTree = "<group>";
		};
		1BAC01312DAE4DD5008BCCA4 /* MediaCollectionView */ = {
			isa = PBXGroup;
			children = (
				1BAC01322DAE4E64008BCCA4 /* MediaCollectionView.swift */,
				1BAC01342DAE4E81008BCCA4 /* MediaCollectionView.xib */,
			);
			path = MediaCollectionView;
			sourceTree = "<group>";
		};
		1BAC01382DAE6B42008BCCA4 /* MediaCollectionViewCell */ = {
			isa = PBXGroup;
			children = (
				1BAC01392DAE6B78008BCCA4 /* MediaCollectionViewCell.swift */,
				1BAC013A2DAE6B78008BCCA4 /* MediaCollectionViewCell.xib */,
			);
			path = MediaCollectionViewCell;
			sourceTree = "<group>";
		};
		1BAC01402DB04D66008BCCA4 /* ImageFullscreenViewController */ = {
			isa = PBXGroup;
			children = (
				1BAC01412DB04D94008BCCA4 /* ImageFullscreenViewController.swift */,
			);
			path = ImageFullscreenViewController;
			sourceTree = "<group>";
		};
		1BAFC4072DC1284C00EB6FB4 /* AccountPageViewController */ = {
			isa = PBXGroup;
			children = (
				1BAFC4082DC128B600EB6FB4 /* AccountPageViewController.swift */,
			);
			path = AccountPageViewController;
			sourceTree = "<group>";
		};
		1BAFC40D2DC13A0100EB6FB4 /* DonationHistoryTableViewCell */ = {
			isa = PBXGroup;
			children = (
				1BAFC41A2DC25C7D00EB6FB4 /* DonationHistoryTableViewCell.swift */,
				1BAFC41B2DC25C7D00EB6FB4 /* DonationHistoryTableViewCell.xib */,
			);
			path = DonationHistoryTableViewCell;
			sourceTree = "<group>";
		};
		1BAFC41E2DC283C300EB6FB4 /* UserInfoViewCell */ = {
			isa = PBXGroup;
			children = (
				1BAFC41F2DC283F500EB6FB4 /* UserInfoViewCell.swift */,
				1BAFC4202DC283F500EB6FB4 /* UserInfoViewCell.xib */,
			);
			path = UserInfoViewCell;
			sourceTree = "<group>";
		};
		1BAFC42A2DC3E17900EB6FB4 /* FundraisersSeparatorTableViewCell */ = {
			isa = PBXGroup;
			children = (
				1BAFC4262DC3E16D00EB6FB4 /* FundraisersSeparatorTableViewCell.swift */,
				1BAFC4272DC3E16D00EB6FB4 /* FundraisersSeparatorTableViewCell.xib */,
			);
			path = FundraisersSeparatorTableViewCell;
			sourceTree = "<group>";
		};
		1BB8369A2DB12D7D00C0C094 /* VideoFullscreenViewController */ = {
			isa = PBXGroup;
			children = (
				1BB8369B2DB12DC400C0C094 /* VideoFullscreenViewController.swift */,
			);
			path = VideoFullscreenViewController;
			sourceTree = "<group>";
		};
		1BB8369F2DB280DD00C0C094 /* DonateView */ = {
			isa = PBXGroup;
			children = (
				1BB836A02DB2813900C0C094 /* DonateView.swift */,
				1BB836A22DB2814D00C0C094 /* DonateView.xib */,
			);
			path = DonateView;
			sourceTree = "<group>";
		};
		1BB836A62DB7CEDD00C0C094 /* ReportsListViewController */ = {
			isa = PBXGroup;
			children = (
				1BB836A72DB7CF1000C0C094 /* ReportsListViewController.swift */,
			);
			path = ReportsListViewController;
			sourceTree = "<group>";
		};
		1BB836AB2DB8C26800C0C094 /* ReportDetailsViewController */ = {
			isa = PBXGroup;
			children = (
				1BB836AC2DB8C29A00C0C094 /* ReportDetailsViewController.swift */,
				1BB836AD2DB8C29A00C0C094 /* ReportDetailsViewController.xib */,
				1BB836B02DB8C4E500C0C094 /* ReportDetailsView.swift */,
			);
			path = ReportDetailsViewController;
			sourceTree = "<group>";
		};
		1BF6C0DD2D297C1700635A49 = {
			isa = PBXGroup;
			children = (
				1BABD7B02DC6A54B009D8FC5 /* Gifs */,
				1BF6C0FD2D2980D000635A49 /* Source */,
				1BF6C0E82D297C1800635A49 /* FoundationApp */,
				1BF6C0E72D297C1800635A49 /* Products */,
				C30DD864FE6C78919028E3D9 /* Pods */,
				109CF3D666CD73B8920CB0D0 /* Frameworks */,
			);
			sourceTree = "<group>";
		};
		1BF6C0E72D297C1800635A49 /* Products */ = {
			isa = PBXGroup;
			children = (
				1BF6C0E62D297C1800635A49 /* FoundationApp.app */,
			);
			name = Products;
			sourceTree = "<group>";
		};
		1BF6C0E82D297C1800635A49 /* FoundationApp */ = {
			isa = PBXGroup;
			children = (
				1BF6C0E92D297C1800635A49 /* AppDelegate.swift */,
				1BF6C0EB2D297C1800635A49 /* SceneDelegate.swift */,
				1BF6C0EF2D297C1800635A49 /* Main.storyboard */,
				1BF6C0F22D297C1B00635A49 /* Assets.xcassets */,
				1BF6C0F42D297C1B00635A49 /* LaunchScreen.storyboard */,
				1BF6C0F72D297C1B00635A49 /* Info.plist */,
				1B6933A92D31B6B300D09C8F /* GoogleService-Info.plist */,
			);
			path = FoundationApp;
			sourceTree = "<group>";
		};
		1BF6C0FD2D2980D000635A49 /* Source */ = {
			isa = PBXGroup;
			children = (
				1BAC012E2DAD8475008BCCA4 /* Libs */,
				1BABD7A82DC63326009D8FC5 /* Services */,
				1BF6C0FE2D29850B00635A49 /* Models */,
				1BABD7B52DC780CC009D8FC5 /* SignUpViewController */,
				1BABD7BA2DC7C531009D8FC5 /* SignInViewController */,
				1B6933952D29E62C00D09C8F /* FundraisersListViewController */,
				1BB836A62DB7CEDD00C0C094 /* ReportsListViewController */,
				1BAFC4072DC1284C00EB6FB4 /* AccountPageViewController */,
				1B69339E2D2C1B5100D09C8F /* FundraiserDetailsViewController */,
				1BB836AB2DB8C26800C0C094 /* ReportDetailsViewController */,
				1BABD7AB2DC6968F009D8FC5 /* DonateResultViewController */,
				1BAC01402DB04D66008BCCA4 /* ImageFullscreenViewController */,
				1BB8369A2DB12D7D00C0C094 /* VideoFullscreenViewController */,
			);
			path = Source;
			sourceTree = "<group>";
		};
		1BF6C0FE2D29850B00635A49 /* Models */ = {
			isa = PBXGroup;
			children = (
				1B078F012DCA5B3B002BAE57 /* FormView.swift */,
				1B6933AE2D327F6200D09C8F /* FundraiserModel.swift */,
				1BB836A92DB7EFC800C0C094 /* ReportModel.swift */,
				1BB8369D2DB1831300C0C094 /* MediaItemModel.swift */,
				1BAFC4102DC13B9B00EB6FB4 /* DonationModel.swift */,
				1BABD7C02DC7E8F5009D8FC5 /* IndividualFormView */,
				1BABD7C52DC7F3C6009D8FC5 /* LegalEntityForm */,
				1BAC01272DAC2242008BCCA4 /* BarView */,
				1BB8369F2DB280DD00C0C094 /* DonateView */,
				1BAFC42A2DC3E17900EB6FB4 /* FundraisersSeparatorTableViewCell */,
				1BF6C0FF2D29852A00635A49 /* ListElementTableViewCell */,
				1BAC01312DAE4DD5008BCCA4 /* MediaCollectionView */,
				1BAC01382DAE6B42008BCCA4 /* MediaCollectionViewCell */,
				1B078F032DCA8913002BAE57 /* LoggedInView */,
				1B078F042DCA8932002BAE57 /* NotLoggedInView */,
				1BAFC41E2DC283C300EB6FB4 /* UserInfoViewCell */,
				1BAFC40D2DC13A0100EB6FB4 /* DonationHistoryTableViewCell */,
			);
			path = Models;
			sourceTree = "<group>";
		};
		1BF6C0FF2D29852A00635A49 /* ListElementTableViewCell */ = {
			isa = PBXGroup;
			children = (
				1BF6C1082D29C79200635A49 /* ListElementTableViewCell.swift */,
				1B9336872D3AB4F100E18231 /* ListElementTableViewCell.xib */,
			);
			path = ListElementTableViewCell;
			sourceTree = "<group>";
		};
		C30DD864FE6C78919028E3D9 /* Pods */ = {
			isa = PBXGroup;
			children = (
				3DAF48003A55F5E4FDCBD745 /* Pods-FoundationApp.debug.xcconfig */,
				CB4973C38B840A4800FDEC7B /* Pods-FoundationApp.release.xcconfig */,
			);
			path = Pods;
			sourceTree = "<group>";
		};
/* End PBXGroup section */

/* Begin PBXNativeTarget section */
		1BF6C0E52D297C1800635A49 /* FoundationApp */ = {
			isa = PBXNativeTarget;
			buildConfigurationList = 1BF6C0FA2D297C1B00635A49 /* Build configuration list for PBXNativeTarget "FoundationApp" */;
			buildPhases = (
				304A96147D4A6AEADF0875FF /* [CP] Check Pods Manifest.lock */,
				1BF6C0E22D297C1800635A49 /* Sources */,
				1BF6C0E32D297C1800635A49 /* Frameworks */,
				1BF6C0E42D297C1800635A49 /* Resources */,
				7D056A1D8EF5C78D9E72FEDC /* [CP] Embed Pods Frameworks */,
			);
			buildRules = (
			);
			dependencies = (
			);
			name = FoundationApp;
			productName = FoundationApp;
			productReference = 1BF6C0E62D297C1800635A49 /* FoundationApp.app */;
			productType = "com.apple.product-type.application";
		};
/* End PBXNativeTarget section */

/* Begin PBXProject section */
		1BF6C0DE2D297C1700635A49 /* Project object */ = {
			isa = PBXProject;
			attributes = {
				BuildIndependentTargetsInParallel = 1;
				LastSwiftUpdateCheck = 1540;
				LastUpgradeCheck = 1630;
				TargetAttributes = {
					1BF6C0E52D297C1800635A49 = {
						CreatedOnToolsVersion = 15.4;
					};
				};
			};
			buildConfigurationList = 1BF6C0E12D297C1700635A49 /* Build configuration list for PBXProject "FoundationApp" */;
			compatibilityVersion = "Xcode 15.0";
			developmentRegion = en;
			hasScannedForEncodings = 0;
			knownRegions = (
				en,
				Base,
			);
			mainGroup = 1BF6C0DD2D297C1700635A49;
			productRefGroup = 1BF6C0E72D297C1800635A49 /* Products */;
			projectDirPath = "";
			projectRoot = "";
			targets = (
				1BF6C0E52D297C1800635A49 /* FoundationApp */,
			);
		};
/* End PBXProject section */

/* Begin PBXResourcesBuildPhase section */
		1BF6C0E42D297C1800635A49 /* Resources */ = {
			isa = PBXResourcesBuildPhase;
			buildActionMask = 2147483647;
			files = (
				1B6933A62D2C222C00D09C8F /* FundraiserDetailsViewController.xib in Resources */,
				1BF6C0F32D297C1B00635A49 /* Assets.xcassets in Resources */,
				1BF6C0F62D297C1B00635A49 /* Base in Resources */,
				1B9336882D3AB4F100E18231 /* ListElementTableViewCell.xib in Resources */,
				1BABD7B82DC7810F009D8FC5 /* SignUpViewController.xib in Resources */,
				1B078F082DCA89AA002BAE57 /* LoggedInView.xib in Resources */,
				1BABD7AE2DC696F4009D8FC5 /* DonateResultViewController.xib in Resources */,
				1BAFC41D2DC25C7D00EB6FB4 /* DonationHistoryTableViewCell.xib in Resources */,
				1B078F0C2DCA8ADE002BAE57 /* NotLoggedInView.xib in Resources */,
				1BAC013C2DAE6B78008BCCA4 /* MediaCollectionViewCell.xib in Resources */,
				1BABD7B42DC6A55F009D8FC5 /* success.gif in Resources */,
				1BABD7B32DC6A55F009D8FC5 /* failure.gif in Resources */,
				1BAFC4282DC3E16D00EB6FB4 /* FundraisersSeparatorTableViewCell.xib in Resources */,
				1BABD7C22DC7E915009D8FC5 /* IndividualFormView.xib in Resources */,
				1BB836AF2DB8C29A00C0C094 /* ReportDetailsViewController.xib in Resources */,
				1BABD7C92DC7F3E6009D8FC5 /* LegalEntityForm.xib in Resources */,
				1BB836A32DB2814D00C0C094 /* DonateView.xib in Resources */,
				1BAC01352DAE4E81008BCCA4 /* MediaCollectionView.xib in Resources */,
				1BAFC4212DC283F500EB6FB4 /* UserInfoViewCell.xib in Resources */,
				1BF6C0F12D297C1800635A49 /* Base in Resources */,
				1BABD7BD2DC7C56D009D8FC5 /* SignInViewController.xib in Resources */,
				1BAC012D2DAC231E008BCCA4 /* BarView.xib in Resources */,
				1B6933AA2D31B6B400D09C8F /* GoogleService-Info.plist in Resources */,
			);
			runOnlyForDeploymentPostprocessing = 0;
		};
/* End PBXResourcesBuildPhase section */

/* Begin PBXShellScriptBuildPhase section */
		304A96147D4A6AEADF0875FF /* [CP] Check Pods Manifest.lock */ = {
			isa = PBXShellScriptBuildPhase;
			buildActionMask = 2147483647;
			files = (
			);
			inputFileListPaths = (
			);
			inputPaths = (
				"${PODS_PODFILE_DIR_PATH}/Podfile.lock",
				"${PODS_ROOT}/Manifest.lock",
			);
			name = "[CP] Check Pods Manifest.lock";
			outputFileListPaths = (
			);
			outputPaths = (
				"$(DERIVED_FILE_DIR)/Pods-FoundationApp-checkManifestLockResult.txt",
			);
			runOnlyForDeploymentPostprocessing = 0;
			shellPath = /bin/sh;
			shellScript = "diff \"${PODS_PODFILE_DIR_PATH}/Podfile.lock\" \"${PODS_ROOT}/Manifest.lock\" > /dev/null\nif [ $? != 0 ] ; then\n    # print error to STDERR\n    echo \"error: The sandbox is not in sync with the Podfile.lock. Run 'pod install' or update your CocoaPods installation.\" >&2\n    exit 1\nfi\n# This output is used by Xcode 'outputs' to avoid re-running this script phase.\necho \"SUCCESS\" > \"${SCRIPT_OUTPUT_FILE_0}\"\n";
			showEnvVarsInLog = 0;
		};
		7D056A1D8EF5C78D9E72FEDC /* [CP] Embed Pods Frameworks */ = {
			isa = PBXShellScriptBuildPhase;
			buildActionMask = 2147483647;
			files = (
			);
			inputFileListPaths = (
				"${PODS_ROOT}/Target Support Files/Pods-FoundationApp/Pods-FoundationApp-frameworks-${CONFIGURATION}-input-files.xcfilelist",
			);
			inputPaths = (
			);
			name = "[CP] Embed Pods Frameworks";
			outputFileListPaths = (
				"${PODS_ROOT}/Target Support Files/Pods-FoundationApp/Pods-FoundationApp-frameworks-${CONFIGURATION}-output-files.xcfilelist",
			);
			outputPaths = (
			);
			runOnlyForDeploymentPostprocessing = 0;
			shellPath = /bin/sh;
			shellScript = "\"${PODS_ROOT}/Target Support Files/Pods-FoundationApp/Pods-FoundationApp-frameworks.sh\"\n";
			showEnvVarsInLog = 0;
		};
/* End PBXShellScriptBuildPhase section */

/* Begin PBXSourcesBuildPhase section */
		1BF6C0E22D297C1800635A49 /* Sources */ = {
			isa = PBXSourcesBuildPhase;
			buildActionMask = 2147483647;
			files = (
				1B078F022DCA5B50002BAE57 /* FormView.swift in Sources */,
				1BAFC4112DC13B9B00EB6FB4 /* DonationModel.swift in Sources */,
				1BAFC4042DC0FFA300EB6FB4 /* KeyboardObservable.swift in Sources */,
				1BAC01292DAC22D6008BCCA4 /* BarView.swift in Sources */,
				1BAC01332DAE4E64008BCCA4 /* MediaCollectionView.swift in Sources */,
				1BABD7CF2DCA0D74009D8FC5 /* AuthErrorService.swift in Sources */,
				1BAFC41C2DC25C7D00EB6FB4 /* DonationHistoryTableViewCell.swift in Sources */,
				1BAC01302DAD8601008BCCA4 /* Numeric+Extension.swift in Sources */,
				1BABD7AA2DC6333B009D8FC5 /* DonateService.swift in Sources */,
				1BAFC4292DC3E16D00EB6FB4 /* FundraisersSeparatorTableViewCell.swift in Sources */,
				1BAFC4222DC283F500EB6FB4 /* UserInfoViewCell.swift in Sources */,
				1BB836B12DB8C4E600C0C094 /* ReportDetailsView.swift in Sources */,
				1BABD7B92DC7810F009D8FC5 /* SignUpViewController.swift in Sources */,
				1BABD7CB2DC8D0C0009D8FC5 /* UITextField.swift in Sources */,
				1BB8369C2DB12DC400C0C094 /* VideoFullscreenViewController.swift in Sources */,
				1BF6C0EA2D297C1800635A49 /* AppDelegate.swift in Sources */,
				1B6933A82D2C344A00D09C8F /* FundraiserDetailsView.swift in Sources */,
				1BAFC4242DC289D500EB6FB4 /* Array+Extension.swift in Sources */,
				1BABD7C72DC7F3DD009D8FC5 /* LegalEntityForm.swift in Sources */,
				1BABD7AF2DC696F4009D8FC5 /* DonateResultViewController.swift in Sources */,
				1BB836A82DB7CF1100C0C094 /* ReportsListViewController.swift in Sources */,
				1BF6C0EC2D297C1800635A49 /* SceneDelegate.swift in Sources */,
				1BAFC4152DC144F600EB6FB4 /* DateFormatter+Extension.swift in Sources */,
				1BAC013B2DAE6B78008BCCA4 /* MediaCollectionViewCell.swift in Sources */,
				1BABD7BE2DC7C56D009D8FC5 /* SignInViewController.swift in Sources */,
				1B078F0A2DCA89B0002BAE57 /* LoggedInView.swift in Sources */,
				1BAC01462DB05294008BCCA4 /* UIView+Extension.swift in Sources */,
				1BAFC4062DC1037400EB6FB4 /* UIViewController+Extensions.swift in Sources */,
				1BF6C1092D29C79200635A49 /* ListElementTableViewCell.swift in Sources */,
				1BB836A12DB2813900C0C094 /* DonateView.swift in Sources */,
				1B69339D2D2AEF1100D09C8F /* FundraisersListViewController.swift in Sources */,
				1BAC01432DB04D94008BCCA4 /* ImageFullscreenViewController.swift in Sources */,
				1B078F0E2DCA8AE5002BAE57 /* NotLoggedInView.swift in Sources */,
				1B6933A52D2C222C00D09C8F /* FundraiserDetailsViewController.swift in Sources */,
				1BB836AA2DB7EFC800C0C094 /* ReportModel.swift in Sources */,
				1BAFC40B2DC128B600EB6FB4 /* AccountPageViewController.swift in Sources */,
				1BB836AE2DB8C29A00C0C094 /* ReportDetailsViewController.swift in Sources */,
				1B6933AF2D327F6200D09C8F /* FundraiserModel.swift in Sources */,
				1BABD7CD2DC93736009D8FC5 /* String+Extension.swift in Sources */,
				1BB8369E2DB1831300C0C094 /* MediaItemModel.swift in Sources */,
				1BABD7C42DC7E921009D8FC5 /* IndividualFormView.swift in Sources */,
			);
			runOnlyForDeploymentPostprocessing = 0;
		};
/* End PBXSourcesBuildPhase section */

/* Begin PBXVariantGroup section */
		1BF6C0EF2D297C1800635A49 /* Main.storyboard */ = {
			isa = PBXVariantGroup;
			children = (
				1BF6C0F02D297C1800635A49 /* Base */,
			);
			name = Main.storyboard;
			sourceTree = "<group>";
		};
		1BF6C0F42D297C1B00635A49 /* LaunchScreen.storyboard */ = {
			isa = PBXVariantGroup;
			children = (
				1BF6C0F52D297C1B00635A49 /* Base */,
			);
			name = LaunchScreen.storyboard;
			sourceTree = "<group>";
		};
/* End PBXVariantGroup section */

/* Begin XCBuildConfiguration section */
		1BF6C0F82D297C1B00635A49 /* Debug */ = {
			isa = XCBuildConfiguration;
			buildSettings = {
				ALWAYS_SEARCH_USER_PATHS = NO;
				ASSETCATALOG_COMPILER_GENERATE_SWIFT_ASSET_SYMBOL_EXTENSIONS = YES;
				CLANG_ANALYZER_NONNULL = YES;
				CLANG_ANALYZER_NUMBER_OBJECT_CONVERSION = YES_AGGRESSIVE;
				CLANG_CXX_LANGUAGE_STANDARD = "gnu++20";
				CLANG_ENABLE_MODULES = YES;
				CLANG_ENABLE_OBJC_ARC = YES;
				CLANG_ENABLE_OBJC_WEAK = YES;
				CLANG_WARN_BLOCK_CAPTURE_AUTORELEASING = YES;
				CLANG_WARN_BOOL_CONVERSION = YES;
				CLANG_WARN_COMMA = YES;
				CLANG_WARN_CONSTANT_CONVERSION = YES;
				CLANG_WARN_DEPRECATED_OBJC_IMPLEMENTATIONS = YES;
				CLANG_WARN_DIRECT_OBJC_ISA_USAGE = YES_ERROR;
				CLANG_WARN_DOCUMENTATION_COMMENTS = YES;
				CLANG_WARN_EMPTY_BODY = YES;
				CLANG_WARN_ENUM_CONVERSION = YES;
				CLANG_WARN_INFINITE_RECURSION = YES;
				CLANG_WARN_INT_CONVERSION = YES;
				CLANG_WARN_NON_LITERAL_NULL_CONVERSION = YES;
				CLANG_WARN_OBJC_IMPLICIT_RETAIN_SELF = YES;
				CLANG_WARN_OBJC_LITERAL_CONVERSION = YES;
				CLANG_WARN_OBJC_ROOT_CLASS = YES_ERROR;
				CLANG_WARN_QUOTED_INCLUDE_IN_FRAMEWORK_HEADER = YES;
				CLANG_WARN_RANGE_LOOP_ANALYSIS = YES;
				CLANG_WARN_STRICT_PROTOTYPES = YES;
				CLANG_WARN_SUSPICIOUS_MOVE = YES;
				CLANG_WARN_UNGUARDED_AVAILABILITY = YES_AGGRESSIVE;
				CLANG_WARN_UNREACHABLE_CODE = YES;
				CLANG_WARN__DUPLICATE_METHOD_MATCH = YES;
				COPY_PHASE_STRIP = NO;
				DEBUG_INFORMATION_FORMAT = dwarf;
				DEVELOPMENT_TEAM = QWBGS9TABN;
				ENABLE_STRICT_OBJC_MSGSEND = YES;
				ENABLE_TESTABILITY = YES;
				ENABLE_USER_SCRIPT_SANDBOXING = YES;
				GCC_C_LANGUAGE_STANDARD = gnu17;
				GCC_DYNAMIC_NO_PIC = NO;
				GCC_NO_COMMON_BLOCKS = YES;
				GCC_OPTIMIZATION_LEVEL = 0;
				GCC_PREPROCESSOR_DEFINITIONS = (
					"DEBUG=1",
					"$(inherited)",
				);
				GCC_WARN_64_TO_32_BIT_CONVERSION = YES;
				GCC_WARN_ABOUT_RETURN_TYPE = YES_ERROR;
				GCC_WARN_UNDECLARED_SELECTOR = YES;
				GCC_WARN_UNINITIALIZED_AUTOS = YES_AGGRESSIVE;
				GCC_WARN_UNUSED_FUNCTION = YES;
				GCC_WARN_UNUSED_VARIABLE = YES;
				IPHONEOS_DEPLOYMENT_TARGET = 17.5;
				LOCALIZATION_PREFERS_STRING_CATALOGS = YES;
				MTL_ENABLE_DEBUG_INFO = INCLUDE_SOURCE;
				MTL_FAST_MATH = YES;
				ONLY_ACTIVE_ARCH = YES;
				SDKROOT = iphoneos;
				SWIFT_ACTIVE_COMPILATION_CONDITIONS = "DEBUG $(inherited)";
				SWIFT_OPTIMIZATION_LEVEL = "-Onone";
			};
			name = Debug;
		};
		1BF6C0F92D297C1B00635A49 /* Release */ = {
			isa = XCBuildConfiguration;
			buildSettings = {
				ALWAYS_SEARCH_USER_PATHS = NO;
				ASSETCATALOG_COMPILER_GENERATE_SWIFT_ASSET_SYMBOL_EXTENSIONS = YES;
				CLANG_ANALYZER_NONNULL = YES;
				CLANG_ANALYZER_NUMBER_OBJECT_CONVERSION = YES_AGGRESSIVE;
				CLANG_CXX_LANGUAGE_STANDARD = "gnu++20";
				CLANG_ENABLE_MODULES = YES;
				CLANG_ENABLE_OBJC_ARC = YES;
				CLANG_ENABLE_OBJC_WEAK = YES;
				CLANG_WARN_BLOCK_CAPTURE_AUTORELEASING = YES;
				CLANG_WARN_BOOL_CONVERSION = YES;
				CLANG_WARN_COMMA = YES;
				CLANG_WARN_CONSTANT_CONVERSION = YES;
				CLANG_WARN_DEPRECATED_OBJC_IMPLEMENTATIONS = YES;
				CLANG_WARN_DIRECT_OBJC_ISA_USAGE = YES_ERROR;
				CLANG_WARN_DOCUMENTATION_COMMENTS = YES;
				CLANG_WARN_EMPTY_BODY = YES;
				CLANG_WARN_ENUM_CONVERSION = YES;
				CLANG_WARN_INFINITE_RECURSION = YES;
				CLANG_WARN_INT_CONVERSION = YES;
				CLANG_WARN_NON_LITERAL_NULL_CONVERSION = YES;
				CLANG_WARN_OBJC_IMPLICIT_RETAIN_SELF = YES;
				CLANG_WARN_OBJC_LITERAL_CONVERSION = YES;
				CLANG_WARN_OBJC_ROOT_CLASS = YES_ERROR;
				CLANG_WARN_QUOTED_INCLUDE_IN_FRAMEWORK_HEADER = YES;
				CLANG_WARN_RANGE_LOOP_ANALYSIS = YES;
				CLANG_WARN_STRICT_PROTOTYPES = YES;
				CLANG_WARN_SUSPICIOUS_MOVE = YES;
				CLANG_WARN_UNGUARDED_AVAILABILITY = YES_AGGRESSIVE;
				CLANG_WARN_UNREACHABLE_CODE = YES;
				CLANG_WARN__DUPLICATE_METHOD_MATCH = YES;
				COPY_PHASE_STRIP = NO;
				DEBUG_INFORMATION_FORMAT = "dwarf-with-dsym";
				DEVELOPMENT_TEAM = QWBGS9TABN;
				ENABLE_NS_ASSERTIONS = NO;
				ENABLE_STRICT_OBJC_MSGSEND = YES;
				ENABLE_USER_SCRIPT_SANDBOXING = YES;
				GCC_C_LANGUAGE_STANDARD = gnu17;
				GCC_NO_COMMON_BLOCKS = YES;
				GCC_WARN_64_TO_32_BIT_CONVERSION = YES;
				GCC_WARN_ABOUT_RETURN_TYPE = YES_ERROR;
				GCC_WARN_UNDECLARED_SELECTOR = YES;
				GCC_WARN_UNINITIALIZED_AUTOS = YES_AGGRESSIVE;
				GCC_WARN_UNUSED_FUNCTION = YES;
				GCC_WARN_UNUSED_VARIABLE = YES;
				IPHONEOS_DEPLOYMENT_TARGET = 17.5;
				LOCALIZATION_PREFERS_STRING_CATALOGS = YES;
				MTL_ENABLE_DEBUG_INFO = NO;
				MTL_FAST_MATH = YES;
				SDKROOT = iphoneos;
				SWIFT_COMPILATION_MODE = wholemodule;
				VALIDATE_PRODUCT = YES;
			};
			name = Release;
		};
		1BF6C0FB2D297C1B00635A49 /* Debug */ = {
			isa = XCBuildConfiguration;
			baseConfigurationReference = 3DAF48003A55F5E4FDCBD745 /* Pods-FoundationApp.debug.xcconfig */;
			buildSettings = {
				ASSETCATALOG_COMPILER_APPICON_NAME = AppIcon;
				ASSETCATALOG_COMPILER_GLOBAL_ACCENT_COLOR_NAME = AccentColor;
				CODE_SIGN_STYLE = Automatic;
				CURRENT_PROJECT_VERSION = 1;
				ENABLE_USER_SCRIPT_SANDBOXING = NO;
				GENERATE_INFOPLIST_FILE = YES;
				INFOPLIST_FILE = FoundationApp/Info.plist;
				INFOPLIST_KEY_UIApplicationSupportsIndirectInputEvents = YES;
				INFOPLIST_KEY_UILaunchStoryboardName = LaunchScreen;
				INFOPLIST_KEY_UIMainStoryboardFile = Main;
				INFOPLIST_KEY_UIStatusBarStyle = "";
				INFOPLIST_KEY_UISupportedInterfaceOrientations = UIInterfaceOrientationPortrait;
				INFOPLIST_KEY_UISupportedInterfaceOrientations_iPad = "UIInterfaceOrientationLandscapeLeft UIInterfaceOrientationLandscapeRight UIInterfaceOrientationPortrait UIInterfaceOrientationPortraitUpsideDown";
				IPHONEOS_DEPLOYMENT_TARGET = 17.0;
				LD_RUNPATH_SEARCH_PATHS = (
					"$(inherited)",
					"@executable_path/Frameworks",
				);
				MARKETING_VERSION = 1.0;
				PRODUCT_BUNDLE_IDENTIFIER = kpi.FoundationApp;
				PRODUCT_NAME = "$(TARGET_NAME)";
				SUPPORTED_PLATFORMS = "iphoneos iphonesimulator";
				SUPPORTS_MACCATALYST = NO;
				SUPPORTS_MAC_DESIGNED_FOR_IPHONE_IPAD = NO;
				SUPPORTS_XR_DESIGNED_FOR_IPHONE_IPAD = NO;
				SWIFT_EMIT_LOC_STRINGS = YES;
				SWIFT_VERSION = 5.0;
				TARGETED_DEVICE_FAMILY = 1;
			};
			name = Debug;
		};
		1BF6C0FC2D297C1B00635A49 /* Release */ = {
			isa = XCBuildConfiguration;
			baseConfigurationReference = CB4973C38B840A4800FDEC7B /* Pods-FoundationApp.release.xcconfig */;
			buildSettings = {
				ASSETCATALOG_COMPILER_APPICON_NAME = AppIcon;
				ASSETCATALOG_COMPILER_GLOBAL_ACCENT_COLOR_NAME = AccentColor;
				CODE_SIGN_STYLE = Automatic;
				CURRENT_PROJECT_VERSION = 1;
				ENABLE_USER_SCRIPT_SANDBOXING = NO;
				GENERATE_INFOPLIST_FILE = YES;
				INFOPLIST_FILE = FoundationApp/Info.plist;
				INFOPLIST_KEY_UIApplicationSupportsIndirectInputEvents = YES;
				INFOPLIST_KEY_UILaunchStoryboardName = LaunchScreen;
				INFOPLIST_KEY_UIMainStoryboardFile = Main;
				INFOPLIST_KEY_UIStatusBarStyle = "";
				INFOPLIST_KEY_UISupportedInterfaceOrientations = UIInterfaceOrientationPortrait;
				INFOPLIST_KEY_UISupportedInterfaceOrientations_iPad = "UIInterfaceOrientationLandscapeLeft UIInterfaceOrientationLandscapeRight UIInterfaceOrientationPortrait UIInterfaceOrientationPortraitUpsideDown";
				IPHONEOS_DEPLOYMENT_TARGET = 17.0;
				LD_RUNPATH_SEARCH_PATHS = (
					"$(inherited)",
					"@executable_path/Frameworks",
				);
				MARKETING_VERSION = 1.0;
				PRODUCT_BUNDLE_IDENTIFIER = kpi.FoundationApp;
				PRODUCT_NAME = "$(TARGET_NAME)";
				SUPPORTED_PLATFORMS = "iphoneos iphonesimulator";
				SUPPORTS_MACCATALYST = NO;
				SUPPORTS_MAC_DESIGNED_FOR_IPHONE_IPAD = NO;
				SUPPORTS_XR_DESIGNED_FOR_IPHONE_IPAD = NO;
				SWIFT_EMIT_LOC_STRINGS = YES;
				SWIFT_VERSION = 5.0;
				TARGETED_DEVICE_FAMILY = 1;
			};
			name = Release;
		};
/* End XCBuildConfiguration section */

/* Begin XCConfigurationList section */
		1BF6C0E12D297C1700635A49 /* Build configuration list for PBXProject "FoundationApp" */ = {
			isa = XCConfigurationList;
			buildConfigurations = (
				1BF6C0F82D297C1B00635A49 /* Debug */,
				1BF6C0F92D297C1B00635A49 /* Release */,
			);
			defaultConfigurationIsVisible = 0;
			defaultConfigurationName = Release;
		};
		1BF6C0FA2D297C1B00635A49 /* Build configuration list for PBXNativeTarget "FoundationApp" */ = {
			isa = XCConfigurationList;
			buildConfigurations = (
				1BF6C0FB2D297C1B00635A49 /* Debug */,
				1BF6C0FC2D297C1B00635A49 /* Release */,
			);
			defaultConfigurationIsVisible = 0;
			defaultConfigurationName = Release;
		};
/* End XCConfigurationList section */
	};
	rootObject = 1BF6C0DE2D297C1700635A49 /* Project object */;
}
